// !$*UTF8*$!
{
	archiveVersion = 1;
	classes = {
	};
	objectVersion = 50;
	objects = {

/* Begin PBXBuildFile section */
		7EBC99A321845AD8008BF787 /* AppDelegate.swift in Sources */ = {isa = PBXBuildFile; fileRef = 7EBC99A221845AD8008BF787 /* AppDelegate.swift */; };
		7EBC99A521845AD8008BF787 /* ViewController.swift in Sources */ = {isa = PBXBuildFile; fileRef = 7EBC99A421845AD8008BF787 /* ViewController.swift */; };
		7EBC99A821845AD8008BF787 /* Main.storyboard in Resources */ = {isa = PBXBuildFile; fileRef = 7EBC99A621845AD8008BF787 /* Main.storyboard */; };
		7EBC99AA21845AD9008BF787 /* Assets.xcassets in Resources */ = {isa = PBXBuildFile; fileRef = 7EBC99A921845AD9008BF787 /* Assets.xcassets */; };
		7EBC99AD21845AD9008BF787 /* LaunchScreen.storyboard in Resources */ = {isa = PBXBuildFile; fileRef = 7EBC99AB21845AD9008BF787 /* LaunchScreen.storyboard */; };
		D25633490D9772BA70B4B8B0 /* Pods_RxS.framework in Frameworks */ = {isa = PBXBuildFile; fileRef = 381D748250C82BBB8015BD54 /* Pods_RxS.framework */; };
/* End PBXBuildFile section */

/* Begin PBXFileReference section */
		381D748250C82BBB8015BD54 /* Pods_RxS.framework */ = {isa = PBXFileReference; explicitFileType = wrapper.framework; includeInIndex = 0; path = Pods_RxS.framework; sourceTree = BUILT_PRODUCTS_DIR; };
		3C11F46A34D7C5DC3F1EED37 /* Pods-RxS.release.xcconfig */ = {isa = PBXFileReference; includeInIndex = 1; lastKnownFileType = text.xcconfig; name = "Pods-RxS.release.xcconfig"; path = "Pods/Target Support Files/Pods-RxS/Pods-RxS.release.xcconfig"; sourceTree = "<group>"; };
		7EBC999F21845AD8008BF787 /* RxS.app */ = {isa = PBXFileReference; explicitFileType = wrapper.application; includeInIndex = 0; path = RxS.app; sourceTree = BUILT_PRODUCTS_DIR; };
		7EBC99A221845AD8008BF787 /* AppDelegate.swift */ = {isa = PBXFileReference; lastKnownFileType = sourcecode.swift; path = AppDelegate.swift; sourceTree = "<group>"; };
		7EBC99A421845AD8008BF787 /* ViewController.swift */ = {isa = PBXFileReference; lastKnownFileType = sourcecode.swift; path = ViewController.swift; sourceTree = "<group>"; };
		7EBC99A721845AD8008BF787 /* Base */ = {isa = PBXFileReference; lastKnownFileType = file.storyboard; name = Base; path = Base.lproj/Main.storyboard; sourceTree = "<group>"; };
		7EBC99A921845AD9008BF787 /* Assets.xcassets */ = {isa = PBXFileReference; lastKnownFileType = folder.assetcatalog; path = Assets.xcassets; sourceTree = "<group>"; };
		7EBC99AC21845AD9008BF787 /* Base */ = {isa = PBXFileReference; lastKnownFileType = file.storyboard; name = Base; path = Base.lproj/LaunchScreen.storyboard; sourceTree = "<group>"; };
		7EBC99AE21845AD9008BF787 /* Info.plist */ = {isa = PBXFileReference; lastKnownFileType = text.plist.xml; path = Info.plist; sourceTree = "<group>"; };
		D19F103A9C4FB28115BC9D58 /* Pods-RxS.debug.xcconfig */ = {isa = PBXFileReference; includeInIndex = 1; lastKnownFileType = text.xcconfig; name = "Pods-RxS.debug.xcconfig"; path = "Pods/Target Support Files/Pods-RxS/Pods-RxS.debug.xcconfig"; sourceTree = "<group>"; };
/* End PBXFileReference section */

/* Begin PBXFrameworksBuildPhase section */
		7EBC999C21845AD8008BF787 /* Frameworks */ = {
			isa = PBXFrameworksBuildPhase;
			buildActionMask = 2147483647;
			files = (
				D25633490D9772BA70B4B8B0 /* Pods_RxS.framework in Frameworks */,
			);
			runOnlyForDeploymentPostprocessing = 0;
		};
/* End PBXFrameworksBuildPhase section */

/* Begin PBXGroup section */
		7EBC999621845AD8008BF787 = {
			isa = PBXGroup;
			children = (
				7EBC99A121845AD8008BF787 /* RxS */,
				7EBC99A021845AD8008BF787 /* Products */,
				DE226BC8F14F303C1DC0A1E9 /* Pods */,
				8165936DEE05655500174DDA /* Frameworks */,
			);
			sourceTree = "<group>";
		};
		7EBC99A021845AD8008BF787 /* Products */ = {
			isa = PBXGroup;
			children = (
				7EBC999F21845AD8008BF787 /* RxS.app */,
			);
			name = Products;
			sourceTree = "<group>";
		};
		7EBC99A121845AD8008BF787 /* RxS */ = {
			isa = PBXGroup;
			children = (
				7EBC99A221845AD8008BF787 /* AppDelegate.swift */,
				7EBC99A421845AD8008BF787 /* ViewController.swift */,
				7EBC99A621845AD8008BF787 /* Main.storyboard */,
				7EBC99A921845AD9008BF787 /* Assets.xcassets */,
				7EBC99AB21845AD9008BF787 /* LaunchScreen.storyboard */,
				7EBC99AE21845AD9008BF787 /* Info.plist */,
			);
			path = RxS;
			sourceTree = "<group>";
		};
		8165936DEE05655500174DDA /* Frameworks */ = {
			isa = PBXGroup;
			children = (
				381D748250C82BBB8015BD54 /* Pods_RxS.framework */,
			);
			name = Frameworks;
			sourceTree = "<group>";
		};
		DE226BC8F14F303C1DC0A1E9 /* Pods */ = {
			isa = PBXGroup;
			children = (
				D19F103A9C4FB28115BC9D58 /* Pods-RxS.debug.xcconfig */,
				3C11F46A34D7C5DC3F1EED37 /* Pods-RxS.release.xcconfig */,
			);
			name = Pods;
			sourceTree = "<group>";
		};
/* End PBXGroup section */

/* Begin PBXNativeTarget section */
		7EBC999E21845AD8008BF787 /* RxS */ = {
			isa = PBXNativeTarget;
			buildConfigurationList = 7EBC99B121845AD9008BF787 /* Build configuration list for PBXNativeTarget "RxS" */;
			buildPhases = (
				C23EE5BEFD0E9EA0368C5353 /* [CP] Check Pods Manifest.lock */,
				7EBC999B21845AD8008BF787 /* Sources */,
				7EBC999C21845AD8008BF787 /* Frameworks */,
				7EBC999D21845AD8008BF787 /* Resources */,
				445B90C3C3E4C81B83DADD1C /* [CP] Embed Pods Frameworks */,
			);
			buildRules = (
			);
			dependencies = (
			);
			name = RxS;
			productName = RxS;
			productReference = 7EBC999F21845AD8008BF787 /* RxS.app */;
			productType = "com.apple.product-type.application";
		};
/* End PBXNativeTarget section */

/* Begin PBXProject section */
		7EBC999721845AD8008BF787 /* Project object */ = {
			isa = PBXProject;
			attributes = {
				LastSwiftUpdateCheck = 1000;
				LastUpgradeCheck = 1000;
				ORGANIZATIONNAME = Puthnith;
				TargetAttributes = {
					7EBC999E21845AD8008BF787 = {
						CreatedOnToolsVersion = 10.0;
					};
				};
			};
			buildConfigurationList = 7EBC999A21845AD8008BF787 /* Build configuration list for PBXProject "RxS" */;
			compatibilityVersion = "Xcode 9.3";
			developmentRegion = en;
			hasScannedForEncodings = 0;
			knownRegions = (
				en,
				Base,
			);
			mainGroup = 7EBC999621845AD8008BF787;
			productRefGroup = 7EBC99A021845AD8008BF787 /* Products */;
			projectDirPath = "";
			projectRoot = "";
			targets = (
				7EBC999E21845AD8008BF787 /* RxS */,
			);
		};
/* End PBXProject section */

/* Begin PBXResourcesBuildPhase section */
		7EBC999D21845AD8008BF787 /* Resources */ = {
			isa = PBXResourcesBuildPhase;
			buildActionMask = 2147483647;
			files = (
				7EBC99AD21845AD9008BF787 /* LaunchScreen.storyboard in Resources */,
				7EBC99AA21845AD9008BF787 /* Assets.xcassets in Resources */,
				7EBC99A821845AD8008BF787 /* Main.storyboard in Resources */,
			);
			runOnlyForDeploymentPostprocessing = 0;
		};
/* End PBXResourcesBuildPhase section */

/* Begin PBXShellScriptBuildPhase section */
		445B90C3C3E4C81B83DADD1C /* [CP] Embed Pods Frameworks */ = {
			isa = PBXShellScriptBuildPhase;
			buildActionMask = 2147483647;
			files = (
			);
			inputPaths = (
				"${SRCROOT}/Pods/Target Support Files/Pods-RxS/Pods-RxS-frameworks.sh",
				"${BUILT_PRODUCTS_DIR}/RxCocoa/RxCocoa.framework",
				"${BUILT_PRODUCTS_DIR}/RxSwift/RxSwift.framework",
			);
			name = "[CP] Embed Pods Frameworks";
			outputPaths = (
				"${TARGET_BUILD_DIR}/${FRAMEWORKS_FOLDER_PATH}/RxCocoa.framework",
				"${TARGET_BUILD_DIR}/${FRAMEWORKS_FOLDER_PATH}/RxSwift.framework",
			);
			runOnlyForDeploymentPostprocessing = 0;
			shellPath = /bin/sh;
			shellScript = "\"${SRCROOT}/Pods/Target Support Files/Pods-RxS/Pods-RxS-frameworks.sh\"\n";
			showEnvVarsInLog = 0;
		};
		C23EE5BEFD0E9EA0368C5353 /* [CP] Check Pods Manifest.lock */ = {
			isa = PBXShellScriptBuildPhase;
			buildActionMask = 2147483647;
			files = (
			);
			inputPaths = (
				"${PODS_PODFILE_DIR_PATH}/Podfile.lock",
				"${PODS_ROOT}/Manifest.lock",
			);
			name = "[CP] Check Pods Manifest.lock";
			outputPaths = (
				"$(DERIVED_FILE_DIR)/Pods-RxS-checkManifestLockResult.txt",
			);
			runOnlyForDeploymentPostprocessing = 0;
			shellPath = /bin/sh;
			shellScript = "diff \"${PODS_PODFILE_DIR_PATH}/Podfile.lock\" \"${PODS_ROOT}/Manifest.lock\" > /dev/null\nif [ $? != 0 ] ; then\n    # print error to STDERR\n    echo \"error: The sandbox is not in sync with the Podfile.lock. Run 'pod install' or update your CocoaPods installation.\" >&2\n    exit 1\nfi\n# This output is used by Xcode 'outputs' to avoid re-running this script phase.\necho \"SUCCESS\" > \"${SCRIPT_OUTPUT_FILE_0}\"\n";
			showEnvVarsInLog = 0;
		};
/* End PBXShellScriptBuildPhase section */

/* Begin PBXSourcesBuildPhase section */
		7EBC999B21845AD8008BF787 /* Sources */ = {
			isa = PBXSourcesBuildPhase;
			buildActionMask = 2147483647;
			files = (
				7EBC99A521845AD8008BF787 /* ViewController.swift in Sources */,
				7EBC99A321845AD8008BF787 /* AppDelegate.swift in Sources */,
			);
			runOnlyForDeploymentPostprocessing = 0;
		};
/* End PBXSourcesBuildPhase section */

/* Begin PBXVariantGroup section */
		7EBC99A621845AD8008BF787 /* Main.storyboard */ = {
			isa = PBXVariantGroup;
			children = (
				7EBC99A721845AD8008BF787 /* Base */,
			);
			name = Main.storyboard;
			sourceTree = "<group>";
		};
		7EBC99AB21845AD9008BF787 /* LaunchScreen.storyboard */ = {
			isa = PBXVariantGroup;
			children = (
				7EBC99AC21845AD9008BF787 /* Base */,
			);
			name = LaunchScreen.storyboard;
			sourceTree = "<group>";
		};
/* End PBXVariantGroup section */

/* Begin XCBuildConfiguration section */
		7EBC99AF21845AD9008BF787 /* Debug */ = {
			isa = XCBuildConfiguration;
			buildSettings = {
				ALWAYS_SEARCH_USER_PATHS = NO;
				CLANG_ANALYZER_NONNULL = YES;
				CLANG_ANALYZER_NUMBER_OBJECT_CONVERSION = YES_AGGRESSIVE;
				CLANG_CXX_LANGUAGE_STANDARD = "gnu++14";
				CLANG_CXX_LIBRARY = "libc++";
				CLANG_ENABLE_MODULES = YES;
				CLANG_ENABLE_OBJC_ARC = YES;
				CLANG_ENABLE_OBJC_WEAK = YES;
				CLANG_WARN_BLOCK_CAPTURE_AUTORELEASING = YES;
				CLANG_WARN_BOOL_CONVERSION = YES;
				CLANG_WARN_COMMA = YES;
				CLANG_WARN_CONSTANT_CONVERSION = YES;
				CLANG_WARN_DEPRECATED_OBJC_IMPLEMENTATIONS = YES;
				CLANG_WARN_DIRECT_OBJC_ISA_USAGE = YES_ERROR;
				CLANG_WARN_DOCUMENTATION_COMMENTS = YES;
				CLANG_WARN_EMPTY_BODY = YES;
				CLANG_WARN_ENUM_CONVERSION = YES;
				CLANG_WARN_INFINITE_RECURSION = YES;
				CLANG_WARN_INT_CONVERSION = YES;
				CLANG_WARN_NON_LITERAL_NULL_CONVERSION = YES;
				CLANG_WARN_OBJC_IMPLICIT_RETAIN_SELF = YES;
				CLANG_WARN_OBJC_LITERAL_CONVERSION = YES;
				CLANG_WARN_OBJC_ROOT_CLASS = YES_ERROR;
				CLANG_WARN_RANGE_LOOP_ANALYSIS = YES;
				CLANG_WARN_STRICT_PROTOTYPES = YES;
				CLANG_WARN_SUSPICIOUS_MOVE = YES;
				CLANG_WARN_UNGUARDED_AVAILABILITY = YES_AGGRESSIVE;
				CLANG_WARN_UNREACHABLE_CODE = YES;
				CLANG_WARN__DUPLICATE_METHOD_MATCH = YES;
				CODE_SIGN_IDENTITY = "iPhone Developer";
				COPY_PHASE_STRIP = NO;
				DEBUG_INFORMATION_FORMAT = dwarf;
				ENABLE_STRICT_OBJC_MSGSEND = YES;
				ENABLE_TESTABILITY = YES;
				GCC_C_LANGUAGE_STANDARD = gnu11;
				GCC_DYNAMIC_NO_PIC = NO;
				GCC_NO_COMMON_BLOCKS = YES;
				GCC_OPTIMIZATION_LEVEL = 0;
				GCC_PREPROCESSOR_DEFINITIONS = (
					"DEBUG=1",
					"$(inherited)",
				);
				GCC_WARN_64_TO_32_BIT_CONVERSION = YES;
				GCC_WARN_ABOUT_RETURN_TYPE = YES_ERROR;
				GCC_WARN_UNDECLARED_SELECTOR = YES;
				GCC_WARN_UNINITIALIZED_AUTOS = YES_AGGRESSIVE;
				GCC_WARN_UNUSED_FUNCTION = YES;
				GCC_WARN_UNUSED_VARIABLE = YES;
				IPHONEOS_DEPLOYMENT_TARGET = 12.0;
				MTL_ENABLE_DEBUG_INFO = INCLUDE_SOURCE;
				MTL_FAST_MATH = YES;
				ONLY_ACTIVE_ARCH = YES;
				SDKROOT = iphoneos;
				SWIFT_ACTIVE_COMPILATION_CONDITIONS = DEBUG;
				SWIFT_OPTIMIZATION_LEVEL = "-Onone";
			};
			name = Debug;
		};
		7EBC99B021845AD9008BF787 /* Release */ = {
			isa = XCBuildConfiguration;
			buildSettings = {
				ALWAYS_SEARCH_USER_PATHS = NO;
				CLANG_ANALYZER_NONNULL = YES;
				CLANG_ANALYZER_NUMBER_OBJECT_CONVERSION = YES_AGGRESSIVE;
				CLANG_CXX_LANGUAGE_STANDARD = "gnu++14";
				CLANG_CXX_LIBRARY = "libc++";
				CLANG_ENABLE_MODULES = YES;
				CLANG_ENABLE_OBJC_ARC = YES;
				CLANG_ENABLE_OBJC_WEAK = YES;
				CLANG_WARN_BLOCK_CAPTURE_AUTORELEASING = YES;
				CLANG_WARN_BOOL_CONVERSION = YES;
				CLANG_WARN_COMMA = YES;
				CLANG_WARN_CONSTANT_CONVERSION = YES;
				CLANG_WARN_DEPRECATED_OBJC_IMPLEMENTATIONS = YES;
				CLANG_WARN_DIRECT_OBJC_ISA_USAGE = YES_ERROR;
				CLANG_WARN_DOCUMENTATION_COMMENTS = YES;
				CLANG_WARN_EMPTY_BODY = YES;
				CLANG_WARN_ENUM_CONVERSION = YES;
				CLANG_WARN_INFINITE_RECURSION = YES;
				CLANG_WARN_INT_CONVERSION = YES;
				CLANG_WARN_NON_LITERAL_NULL_CONVERSION = YES;
				CLANG_WARN_OBJC_IMPLICIT_RETAIN_SELF = YES;
				CLANG_WARN_OBJC_LITERAL_CONVERSION = YES;
				CLANG_WARN_OBJC_ROOT_CLASS = YES_ERROR;
				CLANG_WARN_RANGE_LOOP_ANALYSIS = YES;
				CLANG_WARN_STRICT_PROTOTYPES = YES;
				CLANG_WARN_SUSPICIOUS_MOVE = YES;
				CLANG_WARN_UNGUARDED_AVAILABILITY = YES_AGGRESSIVE;
				CLANG_WARN_UNREACHABLE_CODE = YES;
				CLANG_WARN__DUPLICATE_METHOD_MATCH = YES;
				CODE_SIGN_IDENTITY = "iPhone Developer";
				COPY_PHASE_STRIP = NO;
				DEBUG_INFORMATION_FORMAT = "dwarf-with-dsym";
				ENABLE_NS_ASSERTIONS = NO;
				ENABLE_STRICT_OBJC_MSGSEND = YES;
				GCC_C_LANGUAGE_STANDARD = gnu11;
				GCC_NO_COMMON_BLOCKS = YES;
				GCC_WARN_64_TO_32_BIT_CONVERSION = YES;
				GCC_WARN_ABOUT_RETURN_TYPE = YES_ERROR;
				GCC_WARN_UNDECLARED_SELECTOR = YES;
				GCC_WARN_UNINITIALIZED_AUTOS = YES_AGGRESSIVE;
				GCC_WARN_UNUSED_FUNCTION = YES;
				GCC_WARN_UNUSED_VARIABLE = YES;
				IPHONEOS_DEPLOYMENT_TARGET = 12.0;
				MTL_ENABLE_DEBUG_INFO = NO;
				MTL_FAST_MATH = YES;
				SDKROOT = iphoneos;
				SWIFT_COMPILATION_MODE = wholemodule;
				SWIFT_OPTIMIZATION_LEVEL = "-O";
				VALIDATE_PRODUCT = YES;
			};
			name = Release;
		};
		7EBC99B221845AD9008BF787 /* Debug */ = {
			isa = XCBuildConfiguration;
			baseConfigurationReference = D19F103A9C4FB28115BC9D58 /* Pods-RxS.debug.xcconfig */;
			buildSettings = {
				ASSETCATALOG_COMPILER_APPICON_NAME = AppIcon;
				CODE_SIGN_IDENTITY = "iPhone Developer";
				CODE_SIGN_STYLE = Automatic;
				DEVELOPMENT_TEAM = "";
				INFOPLIST_FILE = RxS/Info.plist;
				LD_RUNPATH_SEARCH_PATHS = (
					"$(inherited)",
					"@executable_path/Frameworks",
				);
				PRODUCT_BUNDLE_IDENTIFIER = me.puthnith.RxS;
				PRODUCT_NAME = "$(TARGET_NAME)";
				PROVISIONING_PROFILE_SPECIFIER = "";
				SWIFT_VERSION = 4.2;
				TARGETED_DEVICE_FAMILY = "1,2";
			};
			name = Debug;
		};
		7EBC99B321845AD9008BF787 /* Release */ = {
			isa = XCBuildConfiguration;
			baseConfigurationReference = 3C11F46A34D7C5DC3F1EED37 /* Pods-RxS.release.xcconfig */;
			buildSettings = {
				ASSETCATALOG_COMPILER_APPICON_NAME = AppIcon;
				CODE_SIGN_IDENTITY = "iPhone Developer";
				CODE_SIGN_STYLE = Automatic;
				DEVELOPMENT_TEAM = "";
				INFOPLIST_FILE = RxS/Info.plist;
				LD_RUNPATH_SEARCH_PATHS = (
					"$(inherited)",
					"@executable_path/Frameworks",
				);
				PRODUCT_BUNDLE_IDENTIFIER = me.puthnith.RxS;
				PRODUCT_NAME = "$(TARGET_NAME)";
				PROVISIONING_PROFILE_SPECIFIER = "";
				SWIFT_VERSION = 4.2;
				TARGETED_DEVICE_FAMILY = "1,2";
			};
			name = Release;
		};
/* End XCBuildConfiguration section */

/* Begin XCConfigurationList section */
		7EBC999A21845AD8008BF787 /* Build configuration list for PBXProject "RxS" */ = {
			isa = XCConfigurationList;
			buildConfigurations = (
				7EBC99AF21845AD9008BF787 /* Debug */,
				7EBC99B021845AD9008BF787 /* Release */,
			);
			defaultConfigurationIsVisible = 0;
			defaultConfigurationName = Release;
		};
		7EBC99B121845AD9008BF787 /* Build configuration list for PBXNativeTarget "RxS" */ = {
			isa = XCConfigurationList;
			buildConfigurations = (
				7EBC99B221845AD9008BF787 /* Debug */,
				7EBC99B321845AD9008BF787 /* Release */,
			);
			defaultConfigurationIsVisible = 0;
			defaultConfigurationName = Release;
		};
/* End XCConfigurationList section */
	};
	rootObject = 7EBC999721845AD8008BF787 /* Project object */;
}
